{
  "version": 1,
  "skills": [
    {
      "name": "documentation-writer",
      "path": "tools/documentation-writer",
      "mode": "tracked",
      "reason": null,
      "target": "github/awesome-copilot@documentation-writer",
      "source": "github/awesome-copilot",
      "skill": "documentation-writer",
      "repo_url": "https://github.com/github/awesome-copilot.git",
      "tracking_ref": "refs/heads/main",
      "resolved_commit": "63d08d51f792d53feec8c1c06897cee870e83c18",
      "resolved_tag": null,
      "applied_commit": "63d08d51f792d53feec8c1c06897cee870e83c18",
      "applied_tag": null
    },
    {
      "name": "e2e-testing-patterns",
      "path": "web/e2e-testing-patterns",
      "mode": "tracked",
      "reason": null,
      "target": "wshobson/agents@e2e-testing-patterns",
      "source": "wshobson/agents",
      "skill": "e2e-testing-patterns",
      "repo_url": "https://github.com/wshobson/agents.git",
      "tracking_ref": "refs/heads/main",
      "resolved_commit": "27a7ed95755a5c3a2948694343a8e2cd7a7ef6fb",
      "resolved_tag": null,
      "applied_commit": "27a7ed95755a5c3a2948694343a8e2cd7a7ef6fb",
      "applied_tag": null
    },
    {
      "name": "find-skills",
      "path": "tools/find-skills",
      "mode": "tracked",
      "reason": null,
      "target": "vercel-labs/skills@find-skills",
      "source": "vercel-labs/skills",
      "skill": "find-skills",
      "repo_url": "https://github.com/vercel-labs/skills.git",
      "tracking_ref": "refs/heads/main",
      "resolved_commit": "5516b8ad07393f35af4b50238b9d3f7cceca5f1e",
      "resolved_tag": null,
      "applied_commit": "5516b8ad07393f35af4b50238b9d3f7cceca5f1e",
      "applied_tag": null
    },
    {
      "name": "frontend-design",
      "path": "web/frontend-design",
      "mode": "tracked",
      "reason": null,
      "target": "anthropics/skills@frontend-design",
      "source": "anthropics/skills",
      "skill": "frontend-design",
      "repo_url": "https://github.com/anthropics/skills.git",
      "tracking_ref": "refs/heads/main",
      "resolved_commit": "b9e19e6f44773509fbdd7001d77ff41a49a486c1",
      "resolved_tag": null,
      "applied_commit": "b9e19e6f44773509fbdd7001d77ff41a49a486c1",
      "applied_tag": null
    },
    {
      "name": "grounding-tdd-in-real-scenarios",
      "path": "tools/grounding-tdd-in-real-scenarios",
      "mode": "blacklisted",
      "reason": null,
      "target": null,
      "source": null,
      "skill": null,
      "repo_url": null,
      "tracking_ref": null,
      "resolved_commit": null,
      "resolved_tag": null,
      "applied_commit": null,
      "applied_tag": null
    },
    {
      "name": "java-springboot",
      "path": "server/java-springboot",
      "mode": "tracked",
      "reason": null,
      "target": "github/awesome-copilot@java-springboot",
      "source": "github/awesome-copilot",
      "skill": "java-springboot",
      "repo_url": "https://github.com/github/awesome-copilot.git",
      "tracking_ref": "refs/heads/main",
      "resolved_commit": "63d08d51f792d53feec8c1c06897cee870e83c18",
      "resolved_tag": null,
      "applied_commit": "63d08d51f792d53feec8c1c06897cee870e83c18",
      "applied_tag": null
    },
    {
      "name": "liquid-glass-design",
      "path": "ios/design/liquid-glass-design",
      "mode": "tracked",
      "reason": null,
      "target": "affaan-m/everything-claude-code@liquid-glass-design",
      "source": "affaan-m/everything-claude-code",
      "skill": "liquid-glass-design",
      "repo_url": "https://github.com/affaan-m/everything-claude-code.git",
      "tracking_ref": "refs/heads/main",
      "resolved_commit": "4e66b2882da9afb9747468b08a253ca2f09c85f3",
      "resolved_tag": null,
      "applied_commit": "4e66b2882da9afb9747468b08a253ca2f09c85f3",
      "applied_tag": null
    },
    {
      "name": "macos-design-guidelines",
      "path": "mac-skills/macos-design-guidelines",
      "mode": "tracked",
      "reason": null,
      "target": "ehmo/platform-design-skills@macos-design-guidelines",
      "source": "ehmo/platform-design-skills",
      "skill": "macos-design-guidelines",
      "repo_url": "https://github.com/ehmo/platform-design-skills.git",
      "tracking_ref": "refs/heads/main",
      "resolved_commit": "dc2be825d8b439caea78e9eaa8fb3ac23b0ff3e9",
      "resolved_tag": null,
      "applied_commit": "dc2be825d8b439caea78e9eaa8fb3ac23b0ff3e9",
      "applied_tag": null
    },
    {
      "name": "mysql",
      "path": "server/mysql",
      "mode": "tracked",
      "reason": null,
      "target": "planetscale/database-skills@mysql",
      "source": "planetscale/database-skills",
      "skill": "mysql",
      "repo_url": "https://github.com/planetscale/database-skills.git",
      "tracking_ref": "refs/heads/main",
      "resolved_commit": "b156f4ca73c03d0350438bfd042331aaef6eec77",
      "resolved_tag": null,
      "applied_commit": "b156f4ca73c03d0350438bfd042331aaef6eec77",
      "applied_tag": null
    },
    {
      "name": "mysql-best-practices",
      "path": "server/mysql-best-practices",
      "mode": "tracked",
      "reason": null,
      "target": "mindrally/skills@mysql-best-practices",
      "source": "mindrally/skills",
      "skill": "mysql-best-practices",
      "repo_url": "https://github.com/mindrally/skills.git",
      "tracking_ref": "refs/heads/main",
      "resolved_commit": "47f47c12e62f62b5e171bd5af61d0fc24b329701",
      "resolved_tag": null,
      "applied_commit": "47f47c12e62f62b5e171bd5af61d0fc24b329701",
      "applied_tag": null
    },
    {
      "name": "performance",
      "path": "web/performance",
      "mode": "tracked",
      "reason": null,
      "target": "addyosmani/web-quality-skills@performance",
      "source": "addyosmani/web-quality-skills",
      "skill": "performance",
      "repo_url": "https://github.com/addyosmani/web-quality-skills.git",
      "tracking_ref": "refs/heads/main",
      "resolved_commit": "fed9617111260e19f4f54b72a2874a3f3de8ff94",
      "resolved_tag": null,
      "applied_commit": "fed9617111260e19f4f54b72a2874a3f3de8ff94",
      "applied_tag": null
    },
    {
      "name": "prompt-engineering",
      "path": "tools/prompt-engineering",
      "mode": "tracked",
      "reason": null,
      "target": "sickn33/antigravity-awesome-skills@prompt-engineering",
      "source": "sickn33/antigravity-awesome-skills",
      "skill": "prompt-engineering",
      "repo_url": "https://github.com/sickn33/antigravity-awesome-skills.git",
      "tracking_ref": "refs/heads/main",
      "resolved_commit": "e61a091411c082dd7dbc9b82c0d45557f0d15ade",
      "resolved_tag": null,
      "applied_commit": "e61a091411c082dd7dbc9b82c0d45557f0d15ade",
      "applied_tag": null
    },
    {
      "name": "prompt-engineering-patterns",
      "path": "tools/prompt-engineering-patterns",
      "mode": "tracked",
      "reason": null,
      "target": "wshobson/agents@prompt-engineering-patterns",
      "source": "wshobson/agents",
      "skill": "prompt-engineering-patterns",
      "repo_url": "https://github.com/wshobson/agents.git",
      "tracking_ref": "refs/heads/main",
      "resolved_commit": "27a7ed95755a5c3a2948694343a8e2cd7a7ef6fb",
      "resolved_tag": null,
      "applied_commit": "27a7ed95755a5c3a2948694343a8e2cd7a7ef6fb",
      "applied_tag": null
    },
    {
      "name": "redis-best-practices",
      "path": "server/redis-best-practices",
      "mode": "tracked",
      "reason": null,
      "target": "mindrally/skills@redis-best-practices",
      "source": "mindrally/skills",
      "skill": "redis-best-practices",
      "repo_url": "https://github.com/mindrally/skills.git",
      "tracking_ref": "refs/heads/main",
      "resolved_commit": "47f47c12e62f62b5e171bd5af61d0fc24b329701",
      "resolved_tag": null,
      "applied_commit": "47f47c12e62f62b5e171bd5af61d0fc24b329701",
      "applied_tag": null
    },
    {
      "name": "springboot-patterns",
      "path": "server/springboot-patterns",
      "mode": "tracked",
      "reason": null,
      "target": "affaan-m/everything-claude-code@springboot-patterns",
      "source": "affaan-m/everything-claude-code",
      "skill": "springboot-patterns",
      "repo_url": "https://github.com/affaan-m/everything-claude-code.git",
      "tracking_ref": "refs/heads/main",
      "resolved_commit": "4e66b2882da9afb9747468b08a253ca2f09c85f3",
      "resolved_tag": null,
      "applied_commit": "4e66b2882da9afb9747468b08a253ca2f09c85f3",
      "applied_tag": null
    },
    {
      "name": "springboot-security",
      "path": "server/springboot-security",
      "mode": "tracked",
      "reason": null,
      "target": "affaan-m/everything-claude-code@springboot-security",
      "source": "affaan-m/everything-claude-code",
      "skill": "springboot-security",
      "repo_url": "https://github.com/affaan-m/everything-claude-code.git",
      "tracking_ref": "refs/heads/main",
      "resolved_commit": "4e66b2882da9afb9747468b08a253ca2f09c85f3",
      "resolved_tag": null,
      "applied_commit": "4e66b2882da9afb9747468b08a253ca2f09c85f3",
      "applied_tag": null
    },
    {
      "name": "springboot-tdd",
      "path": "server/springboot-tdd",
      "mode": "tracked",
      "reason": null,
      "target": "affaan-m/everything-claude-code@springboot-tdd",
      "source": "affaan-m/everything-claude-code",
      "skill": "springboot-tdd",
      "repo_url": "https://github.com/affaan-m/everything-claude-code.git",
      "tracking_ref": "refs/heads/main",
      "resolved_commit": "4e66b2882da9afb9747468b08a253ca2f09c85f3",
      "resolved_tag": null,
      "applied_commit": "4e66b2882da9afb9747468b08a253ca2f09c85f3",
      "applied_tag": null
    },
    {
      "name": "swift-actor-persistence",
      "path": "ios/swift/swift-actor-persistence",
      "mode": "tracked",
      "reason": null,
      "target": "affaan-m/everything-claude-code@swift-actor-persistence",
      "source": "affaan-m/everything-claude-code",
      "skill": "swift-actor-persistence",
      "repo_url": "https://github.com/affaan-m/everything-claude-code.git",
      "tracking_ref": "refs/heads/main",
      "resolved_commit": "4e66b2882da9afb9747468b08a253ca2f09c85f3",
      "resolved_tag": null,
      "applied_commit": "4e66b2882da9afb9747468b08a253ca2f09c85f3",
      "applied_tag": null
    },
    {
      "name": "swift-concurrency-6-2",
      "path": "ios/swift/swift-concurrency-6-2",
      "mode": "tracked",
      "reason": null,
      "target": "affaan-m/everything-claude-code@swift-concurrency-6-2",
      "source": "affaan-m/everything-claude-code",
      "skill": "swift-concurrency-6-2",
      "repo_url": "https://github.com/affaan-m/everything-claude-code.git",
      "tracking_ref": "refs/heads/main",
      "resolved_commit": "4e66b2882da9afb9747468b08a253ca2f09c85f3",
      "resolved_tag": null,
      "applied_commit": "4e66b2882da9afb9747468b08a253ca2f09c85f3",
      "applied_tag": null
    },
    {
      "name": "swift-protocol-di-testing",
      "path": "ios/swift/swift-protocol-di-testing",
      "mode": "tracked",
      "reason": null,
      "target": "affaan-m/everything-claude-code@swift-protocol-di-testing",
      "source": "affaan-m/everything-claude-code",
      "skill": "swift-protocol-di-testing",
      "repo_url": "https://github.com/affaan-m/everything-claude-code.git",
      "tracking_ref": "refs/heads/main",
      "resolved_commit": "4e66b2882da9afb9747468b08a253ca2f09c85f3",
      "resolved_tag": null,
      "applied_commit": "4e66b2882da9afb9747468b08a253ca2f09c85f3",
      "applied_tag": null
    },
    {
      "name": "swiftui-expert-skill",
      "path": "ios/swift/swiftui-expert-skill",
      "mode": "tracked",
      "reason": null,
      "target": "avdlee/swiftui-agent-skill@swiftui-expert-skill",
      "source": "avdlee/swiftui-agent-skill",
      "skill": "swiftui-expert-skill",
      "repo_url": "https://github.com/avdlee/swiftui-agent-skill.git",
      "tracking_ref": "refs/heads/main",
      "resolved_commit": "b741777286ee389f26f3f2641aedaec696b31d83",
      "resolved_tag": null,
      "applied_commit": "b741777286ee389f26f3f2641aedaec696b31d83",
      "applied_tag": null
    },
    {
      "name": "swiftui-patterns",
      "path": "ios/swift/swiftui-patterns",
      "mode": "tracked",
      "reason": null,
      "target": "affaan-m/everything-claude-code@swiftui-patterns",
      "source": "affaan-m/everything-claude-code",
      "skill": "swiftui-patterns",
      "repo_url": "https://github.com/affaan-m/everything-claude-code.git",
      "tracking_ref": "refs/heads/main",
      "resolved_commit": "4e66b2882da9afb9747468b08a253ca2f09c85f3",
      "resolved_tag": null,
      "applied_commit": "4e66b2882da9afb9747468b08a253ca2f09c85f3",
      "applied_tag": null
    },
    {
      "name": "sync-add-ios-loc",
      "path": "ios/tools/sync-add-ios-loc",
      "mode": "blacklisted",
      "reason": null,
      "target": null,
      "source": null,
      "skill": null,
      "repo_url": null,
      "tracking_ref": null,
      "resolved_commit": null,
      "resolved_tag": null,
      "applied_commit": null,
      "applied_tag": null
    },
    {
      "name": "ui-ux-pro-max",
      "path": "design/ui-ux-pro-max",
      "mode": "tracked",
      "reason": null,
      "target": "nextlevelbuilder/ui-ux-pro-max-skill@ui-ux-pro-max",
      "source": "nextlevelbuilder/ui-ux-pro-max-skill",
      "skill": "ui-ux-pro-max",
      "repo_url": "https://github.com/nextlevelbuilder/ui-ux-pro-max-skill.git",
      "tracking_ref": "refs/heads/main",
      "resolved_commit": "b7e3af80f6e331f6fb456667b82b12cade7c9d35",
      "resolved_tag": null,
      "applied_commit": "b7e3af80f6e331f6fb456667b82b12cade7c9d35",
      "applied_tag": null
    },
    {
      "name": "vercel-react-best-practices",
      "path": "web/vercel-react-best-practices",
      "mode": "tracked",
      "reason": null,
      "target": "vercel-labs/agent-skills@vercel-react-best-practices",
      "source": "vercel-labs/agent-skills",
      "skill": "vercel-react-best-practices",
      "repo_url": "https://github.com/vercel-labs/agent-skills.git",
      "tracking_ref": "refs/heads/main",
      "resolved_commit": "ce3e64e468f8fa09a2d075d102771838061fdac0",
      "resolved_tag": null,
      "applied_commit": "ce3e64e468f8fa09a2d075d102771838061fdac0",
      "applied_tag": null
    },
    {
      "name": "web-accessibility",
      "path": "web/web-accessibility",
      "mode": "blacklisted",
      "reason": null,
      "target": null,
      "source": null,
      "skill": null,
      "repo_url": null,
      "tracking_ref": null,
      "resolved_commit": null,
      "resolved_tag": null,
      "applied_commit": null,
      "applied_tag": null
    },
    {
      "name": "webapp-testing",
      "path": "web/webapp-testing",
      "mode": "tracked",
      "reason": null,
      "target": "anthropics/skills@webapp-testing",
      "source": "anthropics/skills",
      "skill": "webapp-testing",
      "repo_url": "https://github.com/anthropics/skills.git",
      "tracking_ref": "refs/heads/main",
      "resolved_commit": "b9e19e6f44773509fbdd7001d77ff41a49a486c1",
      "resolved_tag": null,
      "applied_commit": "b9e19e6f44773509fbdd7001d77ff41a49a486c1",
      "applied_tag": null
    }
  ]
}
