{
  "version": 1,
  "skills": [
    {
      "name": "brainstorming",
      "path": "superpowers/brainstorming",
      "mode": "tracked",
      "reason": null,
      "target": "obra/superpowers@brainstorming",
      "source": "obra/superpowers",
      "skill": "brainstorming",
      "repo_url": "https://github.com/obra/superpowers.git",
      "tracking_ref": "refs/heads/main",
      "resolved_commit": "44c9b2d6e889982ac18c27d05a19fefe335194e1",
      "resolved_tag": null,
      "applied_commit": "44c9b2d6e889982ac18c27d05a19fefe335194e1",
      "applied_tag": null
    },
    {
      "name": "dispatching-parallel-agents",
      "path": "superpowers/dispatching-parallel-agents",
      "mode": "tracked",
      "reason": null,
      "target": "obra/superpowers@dispatching-parallel-agents",
      "source": "obra/superpowers",
      "skill": "dispatching-parallel-agents",
      "repo_url": "https://github.com/obra/superpowers.git",
      "tracking_ref": "refs/heads/main",
      "resolved_commit": "44c9b2d6e889982ac18c27d05a19fefe335194e1",
      "resolved_tag": null,
      "applied_commit": "44c9b2d6e889982ac18c27d05a19fefe335194e1",
      "applied_tag": null
    },
    {
      "name": "e2e-testing-patterns",
      "path": "web/e2e-testing-patterns",
      "mode": "tracked",
      "reason": null,
      "target": "wshobson/agents@e2e-testing-patterns",
      "source": "wshobson/agents",
      "skill": "e2e-testing-patterns",
      "repo_url": "https://github.com/wshobson/agents.git",
      "tracking_ref": "refs/heads/main",
      "resolved_commit": "c4b82b0ad771190355eb8e204b1329732a18449a",
      "resolved_tag": null,
      "applied_commit": "c4b82b0ad771190355eb8e204b1329732a18449a",
      "applied_tag": null
    },
    {
      "name": "executing-plans",
      "path": "superpowers/executing-plans",
      "mode": "tracked",
      "reason": null,
      "target": "obra/superpowers@executing-plans",
      "source": "obra/superpowers",
      "skill": "executing-plans",
      "repo_url": "https://github.com/obra/superpowers.git",
      "tracking_ref": "refs/heads/main",
      "resolved_commit": "44c9b2d6e889982ac18c27d05a19fefe335194e1",
      "resolved_tag": null,
      "applied_commit": "44c9b2d6e889982ac18c27d05a19fefe335194e1",
      "applied_tag": null
    },
    {
      "name": "find-skills",
      "path": "tool/find-skills",
      "mode": "tracked",
      "reason": null,
      "target": "vercel-labs/skills@find-skills",
      "source": "vercel-labs/skills",
      "skill": "find-skills",
      "repo_url": "https://github.com/vercel-labs/skills.git",
      "tracking_ref": "refs/heads/main",
      "resolved_commit": "c6f69c631292444cc541ac6d91e2226b0ff247da",
      "resolved_tag": null,
      "applied_commit": "c6f69c631292444cc541ac6d91e2226b0ff247da",
      "applied_tag": null
    },
    {
      "name": "finishing-a-development-branch",
      "path": "superpowers/finishing-a-development-branch",
      "mode": "tracked",
      "reason": null,
      "target": "obra/superpowers@finishing-a-development-branch",
      "source": "obra/superpowers",
      "skill": "finishing-a-development-branch",
      "repo_url": "https://github.com/obra/superpowers.git",
      "tracking_ref": "refs/heads/main",
      "resolved_commit": "44c9b2d6e889982ac18c27d05a19fefe335194e1",
      "resolved_tag": null,
      "applied_commit": "44c9b2d6e889982ac18c27d05a19fefe335194e1",
      "applied_tag": null
    },
    {
      "name": "firecrawl-website-design-clone",
      "path": "web/firecrawl-website-design-clone",
      "mode": "tracked",
      "reason": null,
      "target": "firecrawl/firecrawl-workflows@firecrawl-website-design-clone",
      "source": "firecrawl/firecrawl-workflows",
      "skill": "firecrawl-website-design-clone",
      "repo_url": "https://github.com/firecrawl/firecrawl-workflows.git",
      "tracking_ref": "refs/heads/main",
      "resolved_commit": "1a6b302731139d6de6117d205efd8198d3775cc3",
      "resolved_tag": null,
      "applied_commit": "1a6b302731139d6de6117d205efd8198d3775cc3",
      "applied_tag": null
    },
    {
      "name": "frontend-design",
      "path": "design/frontend-design",
      "mode": "tracked",
      "reason": null,
      "target": "anthropics/skills@frontend-design",
      "source": "anthropics/skills",
      "skill": "frontend-design",
      "repo_url": "https://github.com/anthropics/skills.git",
      "tracking_ref": "refs/heads/main",
      "resolved_commit": "f17010c9bb483898c1d9c9f42dde2b3a98889434",
      "resolved_tag": null,
      "applied_commit": "f17010c9bb483898c1d9c9f42dde2b3a98889434",
      "applied_tag": null
    },
    {
      "name": "grounding-tdd-in-real-scenarios",
      "path": "test/grounding-tdd-in-real-scenarios",
      "mode": "blacklisted",
      "reason": null,
      "target": null,
      "source": null,
      "skill": null,
      "repo_url": null,
      "tracking_ref": null,
      "resolved_commit": null,
      "resolved_tag": null,
      "applied_commit": null,
      "applied_tag": null
    },
    {
      "name": "java-springboot",
      "path": "server/java-springboot",
      "mode": "tracked",
      "reason": null,
      "target": "github/awesome-copilot@java-springboot",
      "source": "github/awesome-copilot",
      "skill": "java-springboot",
      "repo_url": "https://github.com/github/awesome-copilot.git",
      "tracking_ref": "refs/heads/main",
      "resolved_commit": "0a6e37e4e242c944380228fa29dbd14e64ac1b63",
      "resolved_tag": null,
      "applied_commit": "0a6e37e4e242c944380228fa29dbd14e64ac1b63",
      "applied_tag": null
    },
    {
      "name": "liquid-glass-design",
      "path": "ios/design/liquid-glass-design",
      "mode": "tracked",
      "reason": null,
      "target": "affaan-m/everything-claude-code@liquid-glass-design",
      "source": "affaan-m/everything-claude-code",
      "skill": "liquid-glass-design",
      "repo_url": "https://github.com/affaan-m/everything-claude-code.git",
      "tracking_ref": "refs/heads/main",
      "resolved_commit": "569b1d5b32ebf4c32d0b965bb956b16713533e07",
      "resolved_tag": null,
      "applied_commit": "569b1d5b32ebf4c32d0b965bb956b16713533e07",
      "applied_tag": null
    },
    {
      "name": "macos-design-guidelines",
      "path": "mac-skills/macos-design-guidelines",
      "mode": "tracked",
      "reason": null,
      "target": "ehmo/platform-design-skills@macos-design-guidelines",
      "source": "ehmo/platform-design-skills",
      "skill": "macos-design-guidelines",
      "repo_url": "https://github.com/ehmo/platform-design-skills.git",
      "tracking_ref": "refs/heads/main",
      "resolved_commit": "dc2be825d8b439caea78e9eaa8fb3ac23b0ff3e9",
      "resolved_tag": null,
      "applied_commit": "dc2be825d8b439caea78e9eaa8fb3ac23b0ff3e9",
      "applied_tag": null
    },
    {
      "name": "mysql",
      "path": "server/mysql",
      "mode": "tracked",
      "reason": null,
      "target": "planetscale/database-skills@mysql",
      "source": "planetscale/database-skills",
      "skill": "mysql",
      "repo_url": "https://github.com/planetscale/database-skills.git",
      "tracking_ref": "refs/heads/main",
      "resolved_commit": "af0ce0cfb65cca4cc21d18ca0d9cf270ca99d488",
      "resolved_tag": null,
      "applied_commit": "af0ce0cfb65cca4cc21d18ca0d9cf270ca99d488",
      "applied_tag": null
    },
    {
      "name": "mysql-best-practices",
      "path": "server/mysql-best-practices",
      "mode": "tracked",
      "reason": null,
      "target": "mindrally/skills@mysql-best-practices",
      "source": "mindrally/skills",
      "skill": "mysql-best-practices",
      "repo_url": "https://github.com/mindrally/skills.git",
      "tracking_ref": "refs/heads/main",
      "resolved_commit": "05a71308897983093248d719a2ffa1bca61d0768",
      "resolved_tag": null,
      "applied_commit": "05a71308897983093248d719a2ffa1bca61d0768",
      "applied_tag": null
    },
    {
      "name": "performance",
      "path": "web/performance",
      "mode": "tracked",
      "reason": null,
      "target": "addyosmani/web-quality-skills@performance",
      "source": "addyosmani/web-quality-skills",
      "skill": "performance",
      "repo_url": "https://github.com/addyosmani/web-quality-skills.git",
      "tracking_ref": "refs/heads/main",
      "resolved_commit": "95d6e255afe1596b557d7a8498517884438f5b3a",
      "resolved_tag": null,
      "applied_commit": "95d6e255afe1596b557d7a8498517884438f5b3a",
      "applied_tag": null
    },
    {
      "name": "pinspec-annotations",
      "path": "design/pinspec-annotations",
      "mode": "blacklisted",
      "reason": null,
      "target": null,
      "source": null,
      "skill": null,
      "repo_url": null,
      "tracking_ref": null,
      "resolved_commit": null,
      "resolved_tag": null,
      "applied_commit": null,
      "applied_tag": null
    },
    {
      "name": "receiving-code-review",
      "path": "superpowers/receiving-code-review",
      "mode": "tracked",
      "reason": null,
      "target": "obra/superpowers@receiving-code-review",
      "source": "obra/superpowers",
      "skill": "receiving-code-review",
      "repo_url": "https://github.com/obra/superpowers.git",
      "tracking_ref": "refs/heads/main",
      "resolved_commit": "44c9b2d6e889982ac18c27d05a19fefe335194e1",
      "resolved_tag": null,
      "applied_commit": "44c9b2d6e889982ac18c27d05a19fefe335194e1",
      "applied_tag": null
    },
    {
      "name": "redis-best-practices",
      "path": "server/redis-best-practices",
      "mode": "tracked",
      "reason": null,
      "target": "mindrally/skills@redis-best-practices",
      "source": "mindrally/skills",
      "skill": "redis-best-practices",
      "repo_url": "https://github.com/mindrally/skills.git",
      "tracking_ref": "refs/heads/main",
      "resolved_commit": "05a71308897983093248d719a2ffa1bca61d0768",
      "resolved_tag": null,
      "applied_commit": "05a71308897983093248d719a2ffa1bca61d0768",
      "applied_tag": null
    },
    {
      "name": "requesting-code-review",
      "path": "superpowers/requesting-code-review",
      "mode": "tracked",
      "reason": null,
      "target": "obra/superpowers@requesting-code-review",
      "source": "obra/superpowers",
      "skill": "requesting-code-review",
      "repo_url": "https://github.com/obra/superpowers.git",
      "tracking_ref": "refs/heads/main",
      "resolved_commit": "44c9b2d6e889982ac18c27d05a19fefe335194e1",
      "resolved_tag": null,
      "applied_commit": "44c9b2d6e889982ac18c27d05a19fefe335194e1",
      "applied_tag": null
    },
    {
      "name": "springboot-patterns",
      "path": "server/springboot-patterns",
      "mode": "tracked",
      "reason": null,
      "target": "affaan-m/everything-claude-code@springboot-patterns",
      "source": "affaan-m/everything-claude-code",
      "skill": "springboot-patterns",
      "repo_url": "https://github.com/affaan-m/everything-claude-code.git",
      "tracking_ref": "refs/heads/main",
      "resolved_commit": "569b1d5b32ebf4c32d0b965bb956b16713533e07",
      "resolved_tag": null,
      "applied_commit": "569b1d5b32ebf4c32d0b965bb956b16713533e07",
      "applied_tag": null
    },
    {
      "name": "springboot-security",
      "path": "server/springboot-security",
      "mode": "tracked",
      "reason": null,
      "target": "affaan-m/everything-claude-code@springboot-security",
      "source": "affaan-m/everything-claude-code",
      "skill": "springboot-security",
      "repo_url": "https://github.com/affaan-m/everything-claude-code.git",
      "tracking_ref": "refs/heads/main",
      "resolved_commit": "569b1d5b32ebf4c32d0b965bb956b16713533e07",
      "resolved_tag": null,
      "applied_commit": "569b1d5b32ebf4c32d0b965bb956b16713533e07",
      "applied_tag": null
    },
    {
      "name": "springboot-tdd",
      "path": "server/springboot-tdd",
      "mode": "tracked",
      "reason": null,
      "target": "affaan-m/everything-claude-code@springboot-tdd",
      "source": "affaan-m/everything-claude-code",
      "skill": "springboot-tdd",
      "repo_url": "https://github.com/affaan-m/everything-claude-code.git",
      "tracking_ref": "refs/heads/main",
      "resolved_commit": "569b1d5b32ebf4c32d0b965bb956b16713533e07",
      "resolved_tag": null,
      "applied_commit": "569b1d5b32ebf4c32d0b965bb956b16713533e07",
      "applied_tag": null
    },
    {
      "name": "subagent-driven-development",
      "path": "superpowers/subagent-driven-development",
      "mode": "tracked",
      "reason": null,
      "target": "obra/superpowers@subagent-driven-development",
      "source": "obra/superpowers",
      "skill": "subagent-driven-development",
      "repo_url": "https://github.com/obra/superpowers.git",
      "tracking_ref": "refs/heads/main",
      "resolved_commit": "44c9b2d6e889982ac18c27d05a19fefe335194e1",
      "resolved_tag": null,
      "applied_commit": "44c9b2d6e889982ac18c27d05a19fefe335194e1",
      "applied_tag": null
    },
    {
      "name": "swift-actor-persistence",
      "path": "ios/swift/swift-actor-persistence",
      "mode": "tracked",
      "reason": null,
      "target": "affaan-m/everything-claude-code@swift-actor-persistence",
      "source": "affaan-m/everything-claude-code",
      "skill": "swift-actor-persistence",
      "repo_url": "https://github.com/affaan-m/everything-claude-code.git",
      "tracking_ref": "refs/heads/main",
      "resolved_commit": "569b1d5b32ebf4c32d0b965bb956b16713533e07",
      "resolved_tag": null,
      "applied_commit": "569b1d5b32ebf4c32d0b965bb956b16713533e07",
      "applied_tag": null
    },
    {
      "name": "swift-concurrency-6-2",
      "path": "ios/swift/swift-concurrency-6-2",
      "mode": "tracked",
      "reason": null,
      "target": "affaan-m/everything-claude-code@swift-concurrency-6-2",
      "source": "affaan-m/everything-claude-code",
      "skill": "swift-concurrency-6-2",
      "repo_url": "https://github.com/affaan-m/everything-claude-code.git",
      "tracking_ref": "refs/heads/main",
      "resolved_commit": "569b1d5b32ebf4c32d0b965bb956b16713533e07",
      "resolved_tag": null,
      "applied_commit": "569b1d5b32ebf4c32d0b965bb956b16713533e07",
      "applied_tag": null
    },
    {
      "name": "swift-protocol-di-testing",
      "path": "ios/swift/swift-protocol-di-testing",
      "mode": "tracked",
      "reason": null,
      "target": "affaan-m/everything-claude-code@swift-protocol-di-testing",
      "source": "affaan-m/everything-claude-code",
      "skill": "swift-protocol-di-testing",
      "repo_url": "https://github.com/affaan-m/everything-claude-code.git",
      "tracking_ref": "refs/heads/main",
      "resolved_commit": "569b1d5b32ebf4c32d0b965bb956b16713533e07",
      "resolved_tag": null,
      "applied_commit": "569b1d5b32ebf4c32d0b965bb956b16713533e07",
      "applied_tag": null
    },
    {
      "name": "swiftui-expert-skill",
      "path": "ios/swift/swiftui-expert-skill",
      "mode": "tracked",
      "reason": null,
      "target": "avdlee/swiftui-agent-skill@swiftui-expert-skill",
      "source": "avdlee/swiftui-agent-skill",
      "skill": "swiftui-expert-skill",
      "repo_url": "https://github.com/avdlee/swiftui-agent-skill.git",
      "tracking_ref": "refs/heads/main",
      "resolved_commit": "572c7e1f1ad29ab2fa4683474bd0d120eed4932d",
      "resolved_tag": "4.1.0",
      "applied_commit": "572c7e1f1ad29ab2fa4683474bd0d120eed4932d",
      "applied_tag": "4.1.0"
    },
    {
      "name": "swiftui-patterns",
      "path": "ios/swift/swiftui-patterns",
      "mode": "tracked",
      "reason": null,
      "target": "affaan-m/everything-claude-code@swiftui-patterns",
      "source": "affaan-m/everything-claude-code",
      "skill": "swiftui-patterns",
      "repo_url": "https://github.com/affaan-m/everything-claude-code.git",
      "tracking_ref": "refs/heads/main",
      "resolved_commit": "569b1d5b32ebf4c32d0b965bb956b16713533e07",
      "resolved_tag": null,
      "applied_commit": "569b1d5b32ebf4c32d0b965bb956b16713533e07",
      "applied_tag": null
    },
    {
      "name": "sync-add-ios-loc",
      "path": "ios/tools/sync-add-ios-loc",
      "mode": "blacklisted",
      "reason": null,
      "target": null,
      "source": null,
      "skill": null,
      "repo_url": null,
      "tracking_ref": null,
      "resolved_commit": null,
      "resolved_tag": null,
      "applied_commit": null,
      "applied_tag": null
    },
    {
      "name": "systematic-debugging",
      "path": "superpowers/systematic-debugging",
      "mode": "tracked",
      "reason": null,
      "target": "obra/superpowers@systematic-debugging",
      "source": "obra/superpowers",
      "skill": "systematic-debugging",
      "repo_url": "https://github.com/obra/superpowers.git",
      "tracking_ref": "refs/heads/main",
      "resolved_commit": "44c9b2d6e889982ac18c27d05a19fefe335194e1",
      "resolved_tag": null,
      "applied_commit": "44c9b2d6e889982ac18c27d05a19fefe335194e1",
      "applied_tag": null
    },
    {
      "name": "test-driven-development",
      "path": "superpowers/test-driven-development",
      "mode": "tracked",
      "reason": null,
      "target": "obra/superpowers@test-driven-development",
      "source": "obra/superpowers",
      "skill": "test-driven-development",
      "repo_url": "https://github.com/obra/superpowers.git",
      "tracking_ref": "refs/heads/main",
      "resolved_commit": "44c9b2d6e889982ac18c27d05a19fefe335194e1",
      "resolved_tag": null,
      "applied_commit": "44c9b2d6e889982ac18c27d05a19fefe335194e1",
      "applied_tag": null
    },
    {
      "name": "ui-ux-pro-max",
      "path": "design/ui-ux-pro-max",
      "mode": "tracked",
      "reason": null,
      "target": "nextlevelbuilder/ui-ux-pro-max-skill@ui-ux-pro-max",
      "source": "nextlevelbuilder/ui-ux-pro-max-skill",
      "skill": "ui-ux-pro-max",
      "repo_url": "https://github.com/nextlevelbuilder/ui-ux-pro-max-skill.git",
      "tracking_ref": "refs/heads/main",
      "resolved_commit": "abb7f2fd5a083fa1ff55c326a963ff0d95c33f99",
      "resolved_tag": "v2.14.1",
      "applied_commit": "abb7f2fd5a083fa1ff55c326a963ff0d95c33f99",
      "applied_tag": "v2.14.1"
    },
    {
      "name": "using-git-worktrees",
      "path": "superpowers/using-git-worktrees",
      "mode": "tracked",
      "reason": null,
      "target": "obra/superpowers@using-git-worktrees",
      "source": "obra/superpowers",
      "skill": "using-git-worktrees",
      "repo_url": "https://github.com/obra/superpowers.git",
      "tracking_ref": "refs/heads/main",
      "resolved_commit": "44c9b2d6e889982ac18c27d05a19fefe335194e1",
      "resolved_tag": null,
      "applied_commit": "44c9b2d6e889982ac18c27d05a19fefe335194e1",
      "applied_tag": null
    },
    {
      "name": "using-superpowers",
      "path": "superpowers/using-superpowers",
      "mode": "tracked",
      "reason": null,
      "target": "obra/superpowers@using-superpowers",
      "source": "obra/superpowers",
      "skill": "using-superpowers",
      "repo_url": "https://github.com/obra/superpowers.git",
      "tracking_ref": "refs/heads/main",
      "resolved_commit": "44c9b2d6e889982ac18c27d05a19fefe335194e1",
      "resolved_tag": null,
      "applied_commit": "44c9b2d6e889982ac18c27d05a19fefe335194e1",
      "applied_tag": null
    },
    {
      "name": "vercel-react-best-practices",
      "path": "web/vercel-react-best-practices",
      "mode": "tracked",
      "reason": null,
      "target": "vercel-labs/agent-skills@vercel-react-best-practices",
      "source": "vercel-labs/agent-skills",
      "skill": "vercel-react-best-practices",
      "repo_url": "https://github.com/vercel-labs/agent-skills.git",
      "tracking_ref": "refs/heads/main",
      "resolved_commit": "7c180d9044c9ae2b442b567aad4e42a28dd5ed62",
      "resolved_tag": null,
      "applied_commit": "7c180d9044c9ae2b442b567aad4e42a28dd5ed62",
      "applied_tag": null
    },
    {
      "name": "verification-before-completion",
      "path": "superpowers/verification-before-completion",
      "mode": "tracked",
      "reason": null,
      "target": "obra/superpowers@verification-before-completion",
      "source": "obra/superpowers",
      "skill": "verification-before-completion",
      "repo_url": "https://github.com/obra/superpowers.git",
      "tracking_ref": "refs/heads/main",
      "resolved_commit": "44c9b2d6e889982ac18c27d05a19fefe335194e1",
      "resolved_tag": null,
      "applied_commit": "44c9b2d6e889982ac18c27d05a19fefe335194e1",
      "applied_tag": null
    },
    {
      "name": "web-accessibility",
      "path": "web/web-accessibility",
      "mode": "blacklisted",
      "reason": null,
      "target": null,
      "source": null,
      "skill": null,
      "repo_url": null,
      "tracking_ref": null,
      "resolved_commit": null,
      "resolved_tag": null,
      "applied_commit": null,
      "applied_tag": null
    },
    {
      "name": "webapp-testing",
      "path": "web/webapp-testing",
      "mode": "tracked",
      "reason": null,
      "target": "anthropics/skills@webapp-testing",
      "source": "anthropics/skills",
      "skill": "webapp-testing",
      "repo_url": "https://github.com/anthropics/skills.git",
      "tracking_ref": "refs/heads/main",
      "resolved_commit": "f17010c9bb483898c1d9c9f42dde2b3a98889434",
      "resolved_tag": null,
      "applied_commit": "f17010c9bb483898c1d9c9f42dde2b3a98889434",
      "applied_tag": null
    },
    {
      "name": "writing-plans",
      "path": "superpowers/writing-plans",
      "mode": "tracked",
      "reason": null,
      "target": "obra/superpowers@writing-plans",
      "source": "obra/superpowers",
      "skill": "writing-plans",
      "repo_url": "https://github.com/obra/superpowers.git",
      "tracking_ref": "refs/heads/main",
      "resolved_commit": "44c9b2d6e889982ac18c27d05a19fefe335194e1",
      "resolved_tag": null,
      "applied_commit": "44c9b2d6e889982ac18c27d05a19fefe335194e1",
      "applied_tag": null
    },
    {
      "name": "writing-skills",
      "path": "superpowers/writing-skills",
      "mode": "tracked",
      "reason": null,
      "target": "obra/superpowers@writing-skills",
      "source": "obra/superpowers",
      "skill": "writing-skills",
      "repo_url": "https://github.com/obra/superpowers.git",
      "tracking_ref": "refs/heads/main",
      "resolved_commit": "44c9b2d6e889982ac18c27d05a19fefe335194e1",
      "resolved_tag": null,
      "applied_commit": "44c9b2d6e889982ac18c27d05a19fefe335194e1",
      "applied_tag": null
    }
  ]
}
